
Microsoft Visual Studio Solution File, Format Version 12.00
# Visual Studio 15
VisualStudioVersion = 15.0.27130.2020
MinimumVisualStudioVersion = 10.0.40219.1
Project("{FAE04EC0-301F-11D3-BF4B-00C04F79EFBC}") = "E.Motion.Server", "E.Motion.Server\E.Motion.Server.csproj", "{2DD7A96C-8E8A-4D1B-B33F-7EB075BEEF7A}"
EndProject
Global
	GlobalSection(SolutionConfigurationPlatforms) = preSolution
		Debug|Any CPU = Debug|Any CPU
		Release|Any CPU = Release|Any CPU
	EndGlobalSection
	GlobalSection(ProjectConfigurationPlatforms) = postSolution
		{2DD7A96C-8E8A-4D1B-B33F-7EB075BEEF7A}.Debug|Any CPU.ActiveCfg = Debug|Any CPU
		{2DD7A96C-8E8A-4D1B-B33F-7EB075BEEF7A}.Debug|Any CPU.Build.0 = Debug|Any CPU
		{2DD7A96C-8E8A-4D1B-B33F-7EB075BEEF7A}.Release|Any CPU.ActiveCfg = Release|Any CPU
		{2DD7A96C-8E8A-4D1B-B33F-7EB075BEEF7A}.Release|Any CPU.Build.0 = Release|Any CPU
	EndGlobalSection
	GlobalSection(SolutionProperties) = preSolution
		HideSolutionNode = FALSE
	EndGlobalSection
	GlobalSection(ExtensibilityGlobals) = postSolution
		SolutionGuid = {3610D436-6681-415B-90F6-BCC84815C2D8}
	EndGlobalSection
EndGlobal
